
Microsoft Visual Studio Solution File, Format Version 12.00
# Visual Studio Version 17
VisualStudioVersion = 17.4.33122.133
MinimumVisualStudioVersion = 10.0.40219.1
Project("{FAE04EC0-301F-11D3-BF4B-00C04F79EFBC}") = "MinimalAPI-Sample.Api", "MinimalAPI-Sample.Api\MinimalAPI-Sample.Api.csproj", "{071D216F-8AB6-40B3-943C-F4C840B058A5}"
EndProject
Global
	GlobalSection(SolutionConfigurationPlatforms) = preSolution
		Debug|Any CPU = Debug|Any CPU
		Release|Any CPU = Release|Any CPU
	EndGlobalSection
	GlobalSection(ProjectConfigurationPlatforms) = postSolution
		{071D216F-8AB6-40B3-943C-F4C840B058A5}.Debug|Any CPU.ActiveCfg = Debug|Any CPU
		{071D216F-8AB6-40B3-943C-F4C840B058A5}.Debug|Any CPU.Build.0 = Debug|Any CPU
		{071D216F-8AB6-40B3-943C-F4C840B058A5}.Release|Any CPU.ActiveCfg = Release|Any CPU
		{071D216F-8AB6-40B3-943C-F4C840B058A5}.Release|Any CPU.Build.0 = Release|Any CPU
	EndGlobalSection
	GlobalSection(SolutionProperties) = preSolution
		HideSolutionNode = FALSE
	EndGlobalSection
	GlobalSection(ExtensibilityGlobals) = postSolution
		SolutionGuid = {2BFF09F4-2F68-40B2-BA4F-6F9561305596}
	EndGlobalSection
EndGlobal
